
Microsoft Visual Studio Solution File, Format Version 12.00
# Visual Studio Version 17
VisualStudioVersion = 17.11.35208.52
MinimumVisualStudioVersion = 10.0.40219.1
Project("{FAE04EC0-301F-11D3-BF4B-00C04F79EFBC}") = "Lab3DS4", "Lab3DS4\Lab3DS4.csproj", "{033C57FA-DC7A-4953-A5E9-A8E7361EA80C}"
EndProject
Global
	GlobalSection(SolutionConfigurationPlatforms) = preSolution
		Debug|Any CPU = Debug|Any CPU
		Release|Any CPU = Release|Any CPU
	EndGlobalSection
	GlobalSection(ProjectConfigurationPlatforms) = postSolution
		{033C57FA-DC7A-4953-A5E9-A8E7361EA80C}.Debug|Any CPU.ActiveCfg = Debug|Any CPU
		{033C57FA-DC7A-4953-A5E9-A8E7361EA80C}.Debug|Any CPU.Build.0 = Debug|Any CPU
		{033C57FA-DC7A-4953-A5E9-A8E7361EA80C}.Release|Any CPU.ActiveCfg = Release|Any CPU
		{033C57FA-DC7A-4953-A5E9-A8E7361EA80C}.Release|Any CPU.Build.0 = Release|Any CPU
	EndGlobalSection
	GlobalSection(SolutionProperties) = preSolution
		HideSolutionNode = FALSE
	EndGlobalSection
	GlobalSection(ExtensibilityGlobals) = postSolution
		SolutionGuid = {DD3BD315-0A34-4574-AD98-33E777206AEB}
	EndGlobalSection
EndGlobal
